
Microsoft Visual Studio Solution File, Format Version 12.00
# Visual Studio Version 16
VisualStudioVersion = 16.0.30309.148
MinimumVisualStudioVersion = 10.0.40219.1
Project("{8BC9CEB8-8B4A-11D0-8D11-00A0C91BC942}") = "Project17", "Project17\Project17.vcxproj", "{B2BC1EAF-CB64-4838-B80E-6EEABC432A30}"
EndProject
Project("{8BC9CEB8-8B4A-11D0-8D11-00A0C91BC942}") = "Sample-Test1", "Sample-Test1\Sample-Test1.vcxproj", "{3AA06EF4-41CC-4655-BE55-C1CC2FC2E7B6}"
EndProject
Global
	GlobalSection(SolutionConfigurationPlatforms) = preSolution
		Debug|x64 = Debug|x64
		Debug|x86 = Debug|x86
		Release|x64 = Release|x64
		Release|x86 = Release|x86
	EndGlobalSection
	GlobalSection(ProjectConfigurationPlatforms) = postSolution
		{B2BC1EAF-CB64-4838-B80E-6EEABC432A30}.Debug|x64.ActiveCfg = Debug|x64
		{B2BC1EAF-CB64-4838-B80E-6EEABC432A30}.Debug|x64.Build.0 = Debug|x64
		{B2BC1EAF-CB64-4838-B80E-6EEABC432A30}.Debug|x86.ActiveCfg = Debug|Win32
		{B2BC1EAF-CB64-4838-B80E-6EEABC432A30}.Debug|x86.Build.0 = Debug|Win32
		{B2BC1EAF-CB64-4838-B80E-6EEABC432A30}.Release|x64.ActiveCfg = Release|x64
		{B2BC1EAF-CB64-4838-B80E-6EEABC432A30}.Release|x64.Build.0 = Release|x64
		{B2BC1EAF-CB64-4838-B80E-6EEABC432A30}.Release|x86.ActiveCfg = Release|Win32
		{B2BC1EAF-CB64-4838-B80E-6EEABC432A30}.Release|x86.Build.0 = Release|Win32
		{3AA06EF4-41CC-4655-BE55-C1CC2FC2E7B6}.Debug|x64.ActiveCfg = Debug|x64
		{3AA06EF4-41CC-4655-BE55-C1CC2FC2E7B6}.Debug|x64.Build.0 = Debug|x64
		{3AA06EF4-41CC-4655-BE55-C1CC2FC2E7B6}.Debug|x86.ActiveCfg = Debug|Win32
		{3AA06EF4-41CC-4655-BE55-C1CC2FC2E7B6}.Debug|x86.Build.0 = Debug|Win32
		{3AA06EF4-41CC-4655-BE55-C1CC2FC2E7B6}.Release|x64.ActiveCfg = Release|x64
		{3AA06EF4-41CC-4655-BE55-C1CC2FC2E7B6}.Release|x64.Build.0 = Release|x64
		{3AA06EF4-41CC-4655-BE55-C1CC2FC2E7B6}.Release|x86.ActiveCfg = Release|Win32
		{3AA06EF4-41CC-4655-BE55-C1CC2FC2E7B6}.Release|x86.Build.0 = Release|Win32
	EndGlobalSection
	GlobalSection(SolutionProperties) = preSolution
		HideSolutionNode = FALSE
	EndGlobalSection
	GlobalSection(ExtensibilityGlobals) = postSolution
		SolutionGuid = {B0643913-8B6D-4316-A6EE-3D4B7EE695F3}
	EndGlobalSection
EndGlobal
